
Microsoft Visual Studio Solution File, Format Version 12.00
# Visual Studio Version 16
VisualStudioVersion = 16.0.31205.134
MinimumVisualStudioVersion = 10.0.40219.1
Project("{9A19103F-16F7-4668-BE54-9A1E7A4F7556}") = "GiftAidCalculatorCore", "GiftAidCalculatorCore\GiftAidCalculatorCore.csproj", "{227DB478-B290-47F0-9F39-E8004FFDA5AE}"
EndProject
Project("{9A19103F-16F7-4668-BE54-9A1E7A4F7556}") = "GiftAidCalculatorTests", "GiftAidCalculatorTests\GiftAidCalculatorTests.csproj", "{04FC181D-49CE-4B95-99AF-27E54E4E3E7E}"
EndProject
Project("{FAE04EC0-301F-11D3-BF4B-00C04F79EFBC}") = "GiftAidCalculatorInfrastructure", "GiftAidCalculatorInfrastructure\GiftAidCalculatorInfrastructure.csproj", "{AADE1D95-65FF-47E3-9701-0D16074E30A1}"
EndProject
Global
	GlobalSection(SolutionConfigurationPlatforms) = preSolution
		Debug|Any CPU = Debug|Any CPU
		Release|Any CPU = Release|Any CPU
	EndGlobalSection
	GlobalSection(ProjectConfigurationPlatforms) = postSolution
		{227DB478-B290-47F0-9F39-E8004FFDA5AE}.Debug|Any CPU.ActiveCfg = Debug|Any CPU
		{227DB478-B290-47F0-9F39-E8004FFDA5AE}.Debug|Any CPU.Build.0 = Debug|Any CPU
		{227DB478-B290-47F0-9F39-E8004FFDA5AE}.Release|Any CPU.ActiveCfg = Release|Any CPU
		{227DB478-B290-47F0-9F39-E8004FFDA5AE}.Release|Any CPU.Build.0 = Release|Any CPU
		{04FC181D-49CE-4B95-99AF-27E54E4E3E7E}.Debug|Any CPU.ActiveCfg = Debug|Any CPU
		{04FC181D-49CE-4B95-99AF-27E54E4E3E7E}.Debug|Any CPU.Build.0 = Debug|Any CPU
		{04FC181D-49CE-4B95-99AF-27E54E4E3E7E}.Release|Any CPU.ActiveCfg = Release|Any CPU
		{04FC181D-49CE-4B95-99AF-27E54E4E3E7E}.Release|Any CPU.Build.0 = Release|Any CPU
		{AADE1D95-65FF-47E3-9701-0D16074E30A1}.Debug|Any CPU.ActiveCfg = Debug|Any CPU
		{AADE1D95-65FF-47E3-9701-0D16074E30A1}.Debug|Any CPU.Build.0 = Debug|Any CPU
		{AADE1D95-65FF-47E3-9701-0D16074E30A1}.Release|Any CPU.ActiveCfg = Release|Any CPU
		{AADE1D95-65FF-47E3-9701-0D16074E30A1}.Release|Any CPU.Build.0 = Release|Any CPU
	EndGlobalSection
	GlobalSection(SolutionProperties) = preSolution
		HideSolutionNode = FALSE
	EndGlobalSection
	GlobalSection(ExtensibilityGlobals) = postSolution
		SolutionGuid = {3E9684B7-D8AB-4B39-A627-2F1A3E57B8B6}
	EndGlobalSection
EndGlobal
